
Microsoft Visual Studio Solution File, Format Version 12.00
Project("{FAE04EC0-301F-11D3-BF4B-00C04F79EFBC}") = "AvaloniaProjectInfoResolver", "src\AvaloniaProjectInfoResolver\AvaloniaProjectInfoResolver.csproj", "{624AE162-C7D4-4CC2-B1D9-64ED43A2EDFB}"
EndProject
Project("{FAE04EC0-301F-11D3-BF4B-00C04F79EFBC}") = "AvaloniaProjectInfoResolver.PreviewTask", "src\AvaloniaProjectInfoResolver.PreviewTask\AvaloniaProjectInfoResolver.PreviewTask.csproj", "{8B286027-000C-438A-AD00-CF8C8768BD1F}"
EndProject
Project("{FAE04EC0-301F-11D3-BF4B-00C04F79EFBC}") = "AvaloniaProjectInfoResolver.App", "src\AvaloniaProjectInfoResolver.App\AvaloniaProjectInfoResolver.App.csproj", "{5D3FAAAE-1732-4500-BCE6-B8D6ECCC0486}"
EndProject
Project("{FAE04EC0-301F-11D3-BF4B-00C04F79EFBC}") = "AvaloniaProjectInfoResolver.PreviewTask.Debug", "src\AvaloniaProjectInfoResolver.PreviewTask.Debug\AvaloniaProjectInfoResolver.PreviewTask.Debug.csproj", "{2C1E5B4F-110B-489F-9A58-A977E889C510}"
EndProject
Global
	GlobalSection(SolutionConfigurationPlatforms) = preSolution
		Debug|Any CPU = Debug|Any CPU
		Release|Any CPU = Release|Any CPU
	EndGlobalSection
	GlobalSection(ProjectConfigurationPlatforms) = postSolution
		{624AE162-C7D4-4CC2-B1D9-64ED43A2EDFB}.Debug|Any CPU.ActiveCfg = Debug|Any CPU
		{624AE162-C7D4-4CC2-B1D9-64ED43A2EDFB}.Debug|Any CPU.Build.0 = Debug|Any CPU
		{624AE162-C7D4-4CC2-B1D9-64ED43A2EDFB}.Release|Any CPU.ActiveCfg = Release|Any CPU
		{624AE162-C7D4-4CC2-B1D9-64ED43A2EDFB}.Release|Any CPU.Build.0 = Release|Any CPU
		{8B286027-000C-438A-AD00-CF8C8768BD1F}.Debug|Any CPU.ActiveCfg = Debug|Any CPU
		{8B286027-000C-438A-AD00-CF8C8768BD1F}.Debug|Any CPU.Build.0 = Debug|Any CPU
		{8B286027-000C-438A-AD00-CF8C8768BD1F}.Release|Any CPU.ActiveCfg = Release|Any CPU
		{8B286027-000C-438A-AD00-CF8C8768BD1F}.Release|Any CPU.Build.0 = Release|Any CPU
		{5D3FAAAE-1732-4500-BCE6-B8D6ECCC0486}.Debug|Any CPU.ActiveCfg = Debug|Any CPU
		{5D3FAAAE-1732-4500-BCE6-B8D6ECCC0486}.Debug|Any CPU.Build.0 = Debug|Any CPU
		{5D3FAAAE-1732-4500-BCE6-B8D6ECCC0486}.Release|Any CPU.ActiveCfg = Release|Any CPU
		{5D3FAAAE-1732-4500-BCE6-B8D6ECCC0486}.Release|Any CPU.Build.0 = Release|Any CPU
		{2C1E5B4F-110B-489F-9A58-A977E889C510}.Debug|Any CPU.ActiveCfg = Debug|Any CPU
		{2C1E5B4F-110B-489F-9A58-A977E889C510}.Debug|Any CPU.Build.0 = Debug|Any CPU
		{2C1E5B4F-110B-489F-9A58-A977E889C510}.Release|Any CPU.ActiveCfg = Release|Any CPU
		{2C1E5B4F-110B-489F-9A58-A977E889C510}.Release|Any CPU.Build.0 = Release|Any CPU
	EndGlobalSection
EndGlobal
