Microsoft Visual Studio Solution File, Format Version 12.00
Project("{FAE04EC0-301F-11D3-BF4B-00C04F79EFBC}") = "AvaloniaProjectInfoResolver", "src\AvaloniaProjectInfoResolver\AvaloniaProjectInfoResolver.csproj", "{624AE162-C7D4-4CC2-B1D9-64ED43A2EDFB}"
EndProject
Project("{FAE04EC0-301F-11D3-BF4B-00C04F79EFBC}") = "AvaloniaProjectInfoResolver.PreviewTask", "src\AvaloniaProjectInfoResolver.PreviewTask\AvaloniaProjectInfoResolver.PreviewTask.csproj", "{8B286027-000C-438A-AD00-CF8C8768BD1F}"
EndProject
Project("{FAE04EC0-301F-11D3-BF4B-00C04F79EFBC}") = "AvaloniaProjectInfoResolver.App", "src\AvaloniaProjectInfoResolver.App\AvaloniaProjectInfoResolver.App.csproj", "{5D3FAAAE-1732-4500-BCE6-B8D6ECCC0486}"
EndProject
Project("{FAE04EC0-301F-11D3-BF4B-00C04F79EFBC}") = "AvaloniaProjectInfoResolver.PreviewTask.Debug", "src\AvaloniaProjectInfoResolver.PreviewTask.Debug\AvaloniaProjectInfoResolver.PreviewTask.Debug.csproj", "{2C1E5B4F-110B-489F-9A58-A977E889C510}"
EndProject
Project("{2150E333-8FDC-42A3-9474-1A3956D46DE8}") = "Solution Items", "Solution Items", "{544D9C8F-B53F-4D71-B32C-F4E9501B69CC}"
	ProjectSection(SolutionItems) = preProject
		.editorconfig = .editorconfig
		.gitignore = .gitignore
		Directory.Build.props = Directory.Build.props
		LICENSE = LICENSE
		README.md = README.md
	EndProjectSection
EndProject
Project("{FAE04EC0-301F-11D3-BF4B-00C04F79EFBC}") = "AvaloniaProjectInfoResolver.MSBuildLogger", "src\AvaloniaProjectInfoResolver.MSBuildLogger\AvaloniaProjectInfoResolver.MSBuildLogger.csproj", "{E4EDB0C5-2C14-4D80-906C-FB5E9199E155}"
EndProject
Project("{FAE04EC0-301F-11D3-BF4B-00C04F79EFBC}") = "AvaloniaProjectInfoResolver.IntegrationTests", "src\AvaloniaProjectInfoResolver.IntegrationTests\AvaloniaProjectInfoResolver.IntegrationTests.csproj", "{613F9EAC-6FC2-4B0C-B81D-6965D8CF4952}"
EndProject
Global
	GlobalSection(SolutionConfigurationPlatforms) = preSolution
		Debug|Any CPU = Debug|Any CPU
		Release|Any CPU = Release|Any CPU
	EndGlobalSection
	GlobalSection(ProjectConfigurationPlatforms) = postSolution
		{624AE162-C7D4-4CC2-B1D9-64ED43A2EDFB}.Debug|Any CPU.ActiveCfg = Debug|Any CPU
		{624AE162-C7D4-4CC2-B1D9-64ED43A2EDFB}.Debug|Any CPU.Build.0 = Debug|Any CPU
		{624AE162-C7D4-4CC2-B1D9-64ED43A2EDFB}.Release|Any CPU.ActiveCfg = Release|Any CPU
		{624AE162-C7D4-4CC2-B1D9-64ED43A2EDFB}.Release|Any CPU.Build.0 = Release|Any CPU
		{8B286027-000C-438A-AD00-CF8C8768BD1F}.Debug|Any CPU.ActiveCfg = Debug|Any CPU
		{8B286027-000C-438A-AD00-CF8C8768BD1F}.Release|Any CPU.ActiveCfg = Release|Any CPU
		{8B286027-000C-438A-AD00-CF8C8768BD1F}.Debug|Any CPU.Build.0 = Debug|Any CPU
		{8B286027-000C-438A-AD00-CF8C8768BD1F}.Release|Any CPU.Build.0 = Release|Any CPU
		{5D3FAAAE-1732-4500-BCE6-B8D6ECCC0486}.Debug|Any CPU.ActiveCfg = Debug|Any CPU
		{5D3FAAAE-1732-4500-BCE6-B8D6ECCC0486}.Debug|Any CPU.Build.0 = Debug|Any CPU
		{5D3FAAAE-1732-4500-BCE6-B8D6ECCC0486}.Release|Any CPU.ActiveCfg = Release|Any CPU
		{5D3FAAAE-1732-4500-BCE6-B8D6ECCC0486}.Release|Any CPU.Build.0 = Release|Any CPU
		{2C1E5B4F-110B-489F-9A58-A977E889C510}.Debug|Any CPU.ActiveCfg = Debug|Any CPU
		{2C1E5B4F-110B-489F-9A58-A977E889C510}.Release|Any CPU.ActiveCfg = Release|Any CPU
		{E4EDB0C5-2C14-4D80-906C-FB5E9199E155}.Debug|Any CPU.ActiveCfg = Debug|Any CPU
		{E4EDB0C5-2C14-4D80-906C-FB5E9199E155}.Release|Any CPU.ActiveCfg = Release|Any CPU
		{E4EDB0C5-2C14-4D80-906C-FB5E9199E155}.Debug|Any CPU.Build.0 = Debug|Any CPU
		{E4EDB0C5-2C14-4D80-906C-FB5E9199E155}.Release|Any CPU.Build.0 = Release|Any CPU
		{613F9EAC-6FC2-4B0C-B81D-6965D8CF4952}.Debug|Any CPU.ActiveCfg = Debug|Any CPU
		{613F9EAC-6FC2-4B0C-B81D-6965D8CF4952}.Debug|Any CPU.Build.0 = Debug|Any CPU
		{613F9EAC-6FC2-4B0C-B81D-6965D8CF4952}.Release|Any CPU.ActiveCfg = Release|Any CPU
		{613F9EAC-6FC2-4B0C-B81D-6965D8CF4952}.Release|Any CPU.Build.0 = Release|Any CPU
	EndGlobalSection
	GlobalSection(SolutionProperties) = preSolution
		HideSolutionNode = FALSE
	EndGlobalSection
	GlobalSection(ExtensibilityGlobals) = postSolution
		SolutionGuid = {5EAFFAAC-AC91-4478-8134-2A592D3EFA11}
	EndGlobalSection
EndGlobal
